<Solution>
  <Project Path="Buoi4_Bai1/Buoi4_Bai1.csproj" Id="26d2db83-727a-4111-be06-e3b8f9d592ae" />
  <Project Path="Buoi4_Bai10/Buoi4_Bai10.csproj" Id="e3c6f294-cb65-49bb-a489-aabaa64b3aba" />
  <Project Path="Buoi4_Bai11/Buoi4_Bai11.csproj" Id="1f2ca128-fcdf-4861-a91d-8fb79a742f93" />
  <Project Path="Buoi4_Bai19/Buoi4_Bai19.csproj" Id="c877999c-a171-4f01-ba46-4c305da7ac4a" />
  <Project Path="Buoi4_Bai2/Buoi4_Bai2.csproj" Id="74e0cf0a-6bec-41d8-82ed-3b60e851ad36" />
  <Project Path="Buoi4_Bai22/Buoi4_Bai22.csproj" Id="f730ea15-611b-435b-bb04-ec4443a68086" />
  <Project Path="Buoi4_Bai3/Buoi4_Bai3.csproj" Id="5e5b5f14-7602-4013-8702-9addc6b1e312" />
  <Project Path="Buoi4_Bai4/Buoi4_Bai4.csproj" Id="f86d3977-9071-440a-9254-59948f2309f1" />
  <Project Path="Buoi4_Bai5/Buoi4_Bai5.csproj" Id="286ff9bd-1c40-45e9-9618-13457b994c35" />
  <Project Path="Buoi4_Bai6/Buoi4_Bai6.csproj" Id="7b70508c-9ea5-47da-aa45-fd2f85ebc4ff" />
  <Project Path="Buoi4_Bai7/Buoi4_Bai7.csproj" Id="4410d8f4-6f38-429c-afcf-e70ee21b1a8e" />
  <Project Path="Buoi4_Bai8/Buoi4_Bai8.csproj" Id="08dd779e-913f-4b68-b213-2666e7a38621" />
  <Project Path="Buoi4_Bai9/Buoi4_Bai9.csproj" Id="4f342249-3aff-4d10-9bf7-443b2a5c21da" />
  <Project Path="Buoi4_CauTrucDieuKhien/Buoi4_CauTrucDieuKhien.csproj" />
</Solution>
